
Microsoft Visual Studio Solution File, Format Version 12.00
# Visual Studio 14
VisualStudioVersion = 14.0.25123.0
MinimumVisualStudioVersion = 10.0.40219.1
Project("{FAE04EC0-301F-11D3-BF4B-00C04F79EFBC}") = "Ottelutietopalvelu", "Ottelutietopalvelu\Ottelutietopalvelu.csproj", "{A7440D68-5CD9-43C5-9224-030A2E81E4D2}"
EndProject
Project("{FAE04EC0-301F-11D3-BF4B-00C04F79EFBC}") = "Ottelutietopalvelu.Tests", "Ottelutietopalvelu.Tests\Ottelutietopalvelu.Tests.csproj", "{00E64484-E43A-4909-8636-52508D4DCDA6}"
EndProject
Global
	GlobalSection(SolutionConfigurationPlatforms) = preSolution
		Debug|Any CPU = Debug|Any CPU
		Release|Any CPU = Release|Any CPU
	EndGlobalSection
	GlobalSection(ProjectConfigurationPlatforms) = postSolution
		{A7440D68-5CD9-43C5-9224-030A2E81E4D2}.Debug|Any CPU.ActiveCfg = Debug|Any CPU
		{A7440D68-5CD9-43C5-9224-030A2E81E4D2}.Debug|Any CPU.Build.0 = Debug|Any CPU
		{A7440D68-5CD9-43C5-9224-030A2E81E4D2}.Release|Any CPU.ActiveCfg = Release|Any CPU
		{A7440D68-5CD9-43C5-9224-030A2E81E4D2}.Release|Any CPU.Build.0 = Release|Any CPU
		{00E64484-E43A-4909-8636-52508D4DCDA6}.Debug|Any CPU.ActiveCfg = Debug|Any CPU
		{00E64484-E43A-4909-8636-52508D4DCDA6}.Debug|Any CPU.Build.0 = Debug|Any CPU
		{00E64484-E43A-4909-8636-52508D4DCDA6}.Release|Any CPU.ActiveCfg = Release|Any CPU
		{00E64484-E43A-4909-8636-52508D4DCDA6}.Release|Any CPU.Build.0 = Release|Any CPU
	EndGlobalSection
	GlobalSection(SolutionProperties) = preSolution
		HideSolutionNode = FALSE
	EndGlobalSection
EndGlobal
